
Microsoft Visual Studio Solution File, Format Version 12.00
# Visual Studio 14
VisualStudioVersion = 14.0.25420.1
MinimumVisualStudioVersion = 10.0.40219.1
Project("{FAE04EC0-301F-11D3-BF4B-00C04F79EFBC}") = "Irongate.Api", "Irongate.Api\Irongate.Api.csproj", "{7CAE59F1-3614-44C6-8209-DEAD08C2F51E}"
EndProject
Project("{FAE04EC0-301F-11D3-BF4B-00C04F79EFBC}") = "Irongate.Element", "Irongate.Element\Irongate.Element.csproj", "{6BF0523F-A65E-43BA-9A51-5F504A5FB023}"
EndProject
Project("{FAE04EC0-301F-11D3-BF4B-00C04F79EFBC}") = "Irongate.Producer", "Irongate.Producer\Irongate.Producer.csproj", "{2D442BF3-8B71-4325-AB5F-9DED2F25C58B}"
EndProject
Project("{FAE04EC0-301F-11D3-BF4B-00C04F79EFBC}") = "Hello.Bob", "Hello.Bob\Hello.Bob.csproj", "{7271E701-6F4B-4551-A39B-424A302235AD}"
EndProject
Global
	GlobalSection(SolutionConfigurationPlatforms) = preSolution
		Debug|Any CPU = Debug|Any CPU
		Release|Any CPU = Release|Any CPU
	EndGlobalSection
	GlobalSection(ProjectConfigurationPlatforms) = postSolution
		{7CAE59F1-3614-44C6-8209-DEAD08C2F51E}.Debug|Any CPU.ActiveCfg = Debug|Any CPU
		{7CAE59F1-3614-44C6-8209-DEAD08C2F51E}.Debug|Any CPU.Build.0 = Debug|Any CPU
		{7CAE59F1-3614-44C6-8209-DEAD08C2F51E}.Release|Any CPU.ActiveCfg = Release|Any CPU
		{7CAE59F1-3614-44C6-8209-DEAD08C2F51E}.Release|Any CPU.Build.0 = Release|Any CPU
		{6BF0523F-A65E-43BA-9A51-5F504A5FB023}.Debug|Any CPU.ActiveCfg = Debug|Any CPU
		{6BF0523F-A65E-43BA-9A51-5F504A5FB023}.Debug|Any CPU.Build.0 = Debug|Any CPU
		{6BF0523F-A65E-43BA-9A51-5F504A5FB023}.Release|Any CPU.ActiveCfg = Release|Any CPU
		{6BF0523F-A65E-43BA-9A51-5F504A5FB023}.Release|Any CPU.Build.0 = Release|Any CPU
		{2D442BF3-8B71-4325-AB5F-9DED2F25C58B}.Debug|Any CPU.ActiveCfg = Debug|Any CPU
		{2D442BF3-8B71-4325-AB5F-9DED2F25C58B}.Debug|Any CPU.Build.0 = Debug|Any CPU
		{2D442BF3-8B71-4325-AB5F-9DED2F25C58B}.Release|Any CPU.ActiveCfg = Release|Any CPU
		{2D442BF3-8B71-4325-AB5F-9DED2F25C58B}.Release|Any CPU.Build.0 = Release|Any CPU
		{7271E701-6F4B-4551-A39B-424A302235AD}.Debug|Any CPU.ActiveCfg = Debug|Any CPU
		{7271E701-6F4B-4551-A39B-424A302235AD}.Debug|Any CPU.Build.0 = Debug|Any CPU
		{7271E701-6F4B-4551-A39B-424A302235AD}.Release|Any CPU.ActiveCfg = Release|Any CPU
		{7271E701-6F4B-4551-A39B-424A302235AD}.Release|Any CPU.Build.0 = Release|Any CPU
	EndGlobalSection
	GlobalSection(SolutionProperties) = preSolution
		HideSolutionNode = FALSE
	EndGlobalSection
EndGlobal
